// !$*UTF8*$!
{
	archiveVersion = 1;
	classes = {
	};
	objectVersion = 46;
	objects = {

/* Begin PBXBuildFile section */
		C75838781ED3FF3A00063C49 /* main.m in Sources */ = {isa = PBXBuildFile; fileRef = C75838771ED3FF3A00063C49 /* main.m */; };
		C758387B1ED3FF3A00063C49 /* AppDelegate.m in Sources */ = {isa = PBXBuildFile; fileRef = C758387A1ED3FF3A00063C49 /* AppDelegate.m */; };
		C758387E1ED3FF3A00063C49 /* ViewController.m in Sources */ = {isa = PBXBuildFile; fileRef = C758387D1ED3FF3A00063C49 /* ViewController.m */; };
		C75838811ED3FF3A00063C49 /* Main.storyboard in Resources */ = {isa = PBXBuildFile; fileRef = C758387F1ED3FF3A00063C49 /* Main.storyboard */; };
		C75838831ED3FF3A00063C49 /* Assets.xcassets in Resources */ = {isa = PBXBuildFile; fileRef = C75838821ED3FF3A00063C49 /* Assets.xcassets */; };
		C75838861ED3FF3A00063C49 /* LaunchScreen.storyboard in Resources */ = {isa = PBXBuildFile; fileRef = C75838841ED3FF3A00063C49 /* LaunchScreen.storyboard */; };
		C758388F1ED4082300063C49 /* TestingFile.swift in Sources */ = {isa = PBXBuildFile; fileRef = C758388E1ED4082300063C49 /* TestingFile.swift */; };
/* End PBXBuildFile section */

/* Begin PBXFileReference section */
		C75838731ED3FF3A00063C49 /* GitDemo.app */ = {isa = PBXFileReference; explicitFileType = wrapper.application; includeInIndex = 0; path = GitDemo.app; sourceTree = BUILT_PRODUCTS_DIR; };
		C75838771ED3FF3A00063C49 /* main.m */ = {isa = PBXFileReference; lastKnownFileType = sourcecode.c.objc; path = main.m; sourceTree = "<group>"; };
		C75838791ED3FF3A00063C49 /* AppDelegate.h */ = {isa = PBXFileReference; lastKnownFileType = sourcecode.c.h; path = AppDelegate.h; sourceTree = "<group>"; };
		C758387A1ED3FF3A00063C49 /* AppDelegate.m */ = {isa = PBXFileReference; lastKnownFileType = sourcecode.c.objc; path = AppDelegate.m; sourceTree = "<group>"; };
		C758387C1ED3FF3A00063C49 /* ViewController.h */ = {isa = PBXFileReference; lastKnownFileType = sourcecode.c.h; path = ViewController.h; sourceTree = "<group>"; };
		C758387D1ED3FF3A00063C49 /* ViewController.m */ = {isa = PBXFileReference; lastKnownFileType = sourcecode.c.objc; path = ViewController.m; sourceTree = "<group>"; };
		C75838801ED3FF3A00063C49 /* Base */ = {isa = PBXFileReference; lastKnownFileType = file.storyboard; name = Base; path = Base.lproj/Main.storyboard; sourceTree = "<group>"; };
		C75838821ED3FF3A00063C49 /* Assets.xcassets */ = {isa = PBXFileReference; lastKnownFileType = folder.assetcatalog; path = Assets.xcassets; sourceTree = "<group>"; };
		C75838851ED3FF3A00063C49 /* Base */ = {isa = PBXFileReference; lastKnownFileType = file.storyboard; name = Base; path = Base.lproj/LaunchScreen.storyboard; sourceTree = "<group>"; };
		C75838871ED3FF3A00063C49 /* Info.plist */ = {isa = PBXFileReference; lastKnownFileType = text.plist.xml; path = Info.plist; sourceTree = "<group>"; };
		C758388D1ED4082300063C49 /* GitDemo-Bridging-Header.h */ = {isa = PBXFileReference; lastKnownFileType = sourcecode.c.h; path = "GitDemo-Bridging-Header.h"; sourceTree = "<group>"; };
		C758388E1ED4082300063C49 /* TestingFile.swift */ = {isa = PBXFileReference; fileEncoding = 4; lastKnownFileType = sourcecode.swift; path = TestingFile.swift; sourceTree = "<group>"; };
/* End PBXFileReference section */

/* Begin PBXFrameworksBuildPhase section */
		C75838701ED3FF3A00063C49 /* Frameworks */ = {
			isa = PBXFrameworksBuildPhase;
			buildActionMask = 2147483647;
			files = (
			);
			runOnlyForDeploymentPostprocessing = 0;
		};
/* End PBXFrameworksBuildPhase section */

/* Begin PBXGroup section */
		C758386A1ED3FF3A00063C49 = {
			isa = PBXGroup;
			children = (
				C75838751ED3FF3A00063C49 /* GitDemo */,
				C75838741ED3FF3A00063C49 /* Products */,
			);
			sourceTree = "<group>";
		};
		C75838741ED3FF3A00063C49 /* Products */ = {
			isa = PBXGroup;
			children = (
				C75838731ED3FF3A00063C49 /* GitDemo.app */,
			);
			name = Products;
			sourceTree = "<group>";
		};
		C75838751ED3FF3A00063C49 /* GitDemo */ = {
			isa = PBXGroup;
			children = (
				C75838791ED3FF3A00063C49 /* AppDelegate.h */,
				C758387A1ED3FF3A00063C49 /* AppDelegate.m */,
				C758387C1ED3FF3A00063C49 /* ViewController.h */,
				C758387D1ED3FF3A00063C49 /* ViewController.m */,
				C758388E1ED4082300063C49 /* TestingFile.swift */,
				C758387F1ED3FF3A00063C49 /* Main.storyboard */,
				C75838821ED3FF3A00063C49 /* Assets.xcassets */,
				C75838841ED3FF3A00063C49 /* LaunchScreen.storyboard */,
				C75838871ED3FF3A00063C49 /* Info.plist */,
				C75838761ED3FF3A00063C49 /* Supporting Files */,
				C758388D1ED4082300063C49 /* GitDemo-Bridging-Header.h */,
			);
			path = GitDemo;
			sourceTree = "<group>";
		};
		C75838761ED3FF3A00063C49 /* Supporting Files */ = {
			isa = PBXGroup;
			children = (
				C75838771ED3FF3A00063C49 /* main.m */,
			);
			name = "Supporting Files";
			sourceTree = "<group>";
		};
/* End PBXGroup section */

/* Begin PBXNativeTarget section */
		C75838721ED3FF3A00063C49 /* GitDemo */ = {
			isa = PBXNativeTarget;
			buildConfigurationList = C758388A1ED3FF3A00063C49 /* Build configuration list for PBXNativeTarget "GitDemo" */;
			buildPhases = (
				C758386F1ED3FF3A00063C49 /* Sources */,
				C75838701ED3FF3A00063C49 /* Frameworks */,
				C75838711ED3FF3A00063C49 /* Resources */,
			);
			buildRules = (
			);
			dependencies = (
			);
			name = GitDemo;
			productName = GitDemo;
			productReference = C75838731ED3FF3A00063C49 /* GitDemo.app */;
			productType = "com.apple.product-type.application";
		};
/* End PBXNativeTarget section */

/* Begin PBXProject section */
		C758386B1ED3FF3A00063C49 /* Project object */ = {
			isa = PBXProject;
			attributes = {
				LastUpgradeCheck = 0830;
				ORGANIZATIONNAME = "Vishal Rathod";
				TargetAttributes = {
					C75838721ED3FF3A00063C49 = {
						CreatedOnToolsVersion = 8.3.2;
						LastSwiftMigration = 0830;
						ProvisioningStyle = Automatic;
					};
				};
			};
			buildConfigurationList = C758386E1ED3FF3A00063C49 /* Build configuration list for PBXProject "GitDemo" */;
			compatibilityVersion = "Xcode 3.2";
			developmentRegion = English;
			hasScannedForEncodings = 0;
			knownRegions = (
				en,
				Base,
			);
			mainGroup = C758386A1ED3FF3A00063C49;
			productRefGroup = C75838741ED3FF3A00063C49 /* Products */;
			projectDirPath = "";
			projectRoot = "";
			targets = (
				C75838721ED3FF3A00063C49 /* GitDemo */,
			);
		};
/* End PBXProject section */

/* Begin PBXResourcesBuildPhase section */
		C75838711ED3FF3A00063C49 /* Resources */ = {
			isa = PBXResourcesBuildPhase;
			buildActionMask = 2147483647;
			files = (
				C75838861ED3FF3A00063C49 /* LaunchScreen.storyboard in Resources */,
				C75838831ED3FF3A00063C49 /* Assets.xcassets in Resources */,
				C75838811ED3FF3A00063C49 /* Main.storyboard in Resources */,
			);
			runOnlyForDeploymentPostprocessing = 0;
		};
/* End PBXResourcesBuildPhase section */

/* Begin PBXSourcesBuildPhase section */
		C758386F1ED3FF3A00063C49 /* Sources */ = {
			isa = PBXSourcesBuildPhase;
			buildActionMask = 2147483647;
			files = (
				C758387E1ED3FF3A00063C49 /* ViewController.m in Sources */,
				C758387B1ED3FF3A00063C49 /* AppDelegate.m in Sources */,
				C758388F1ED4082300063C49 /* TestingFile.swift in Sources */,
				C75838781ED3FF3A00063C49 /* main.m in Sources */,
			);
			runOnlyForDeploymentPostprocessing = 0;
		};
/* End PBXSourcesBuildPhase section */

/* Begin PBXVariantGroup section */
		C758387F1ED3FF3A00063C49 /* Main.storyboard */ = {
			isa = PBXVariantGroup;
			children = (
				C75838801ED3FF3A00063C49 /* Base */,
			);
			name = Main.storyboard;
			sourceTree = "<group>";
		};
		C75838841ED3FF3A00063C49 /* LaunchScreen.storyboard */ = {
			isa = PBXVariantGroup;
			children = (
				C75838851ED3FF3A00063C49 /* Base */,
			);
			name = LaunchScreen.storyboard;
			sourceTree = "<group>";
		};
/* End PBXVariantGroup section */

/* Begin XCBuildConfiguration section */
		C75838881ED3FF3A00063C49 /* Debug */ = {
			isa = XCBuildConfiguration;
			buildSettings = {
				ALWAYS_SEARCH_USER_PATHS = NO;
				CLANG_ANALYZER_NONNULL = YES;
				CLANG_ANALYZER_NUMBER_OBJECT_CONVERSION = YES_AGGRESSIVE;
				CLANG_CXX_LANGUAGE_STANDARD = "gnu++0x";
				CLANG_CXX_LIBRARY = "libc++";
				CLANG_ENABLE_MODULES = YES;
				CLANG_ENABLE_OBJC_ARC = YES;
				CLANG_WARN_BOOL_CONVERSION = YES;
				CLANG_WARN_CONSTANT_CONVERSION = YES;
				CLANG_WARN_DIRECT_OBJC_ISA_USAGE = YES_ERROR;
				CLANG_WARN_DOCUMENTATION_COMMENTS = YES;
				CLANG_WARN_EMPTY_BODY = YES;
				CLANG_WARN_ENUM_CONVERSION = YES;
				CLANG_WARN_INFINITE_RECURSION = YES;
				CLANG_WARN_INT_CONVERSION = YES;
				CLANG_WARN_OBJC_ROOT_CLASS = YES_ERROR;
				CLANG_WARN_SUSPICIOUS_MOVE = YES;
				CLANG_WARN_UNREACHABLE_CODE = YES;
				CLANG_WARN__DUPLICATE_METHOD_MATCH = YES;
				"CODE_SIGN_IDENTITY[sdk=iphoneos*]" = "iPhone Developer";
				COPY_PHASE_STRIP = NO;
				DEBUG_INFORMATION_FORMAT = dwarf;
				ENABLE_STRICT_OBJC_MSGSEND = YES;
				ENABLE_TESTABILITY = YES;
				GCC_C_LANGUAGE_STANDARD = gnu99;
				GCC_DYNAMIC_NO_PIC = NO;
				GCC_NO_COMMON_BLOCKS = YES;
				GCC_OPTIMIZATION_LEVEL = 0;
				GCC_PREPROCESSOR_DEFINITIONS = (
					"DEBUG=1",
					"$(inherited)",
				);
				GCC_WARN_64_TO_32_BIT_CONVERSION = YES;
				GCC_WARN_ABOUT_RETURN_TYPE = YES_ERROR;
				GCC_WARN_UNDECLARED_SELECTOR = YES;
				GCC_WARN_UNINITIALIZED_AUTOS = YES_AGGRESSIVE;
				GCC_WARN_UNUSED_FUNCTION = YES;
				GCC_WARN_UNUSED_VARIABLE = YES;
				IPHONEOS_DEPLOYMENT_TARGET = 8.0;
				MTL_ENABLE_DEBUG_INFO = YES;
				ONLY_ACTIVE_ARCH = YES;
				SDKROOT = iphoneos;
				TARGETED_DEVICE_FAMILY = "1,2";
			};
			name = Debug;
		};
		C75838891ED3FF3A00063C49 /* Release */ = {
			isa = XCBuildConfiguration;
			buildSettings = {
				ALWAYS_SEARCH_USER_PATHS = NO;
				CLANG_ANALYZER_NONNULL = YES;
				CLANG_ANALYZER_NUMBER_OBJECT_CONVERSION = YES_AGGRESSIVE;
				CLANG_CXX_LANGUAGE_STANDARD = "gnu++0x";
				CLANG_CXX_LIBRARY = "libc++";
				CLANG_ENABLE_MODULES = YES;
				CLANG_ENABLE_OBJC_ARC = YES;
				CLANG_WARN_BOOL_CONVERSION = YES;
				CLANG_WARN_CONSTANT_CONVERSION = YES;
				CLANG_WARN_DIRECT_OBJC_ISA_USAGE = YES_ERROR;
				CLANG_WARN_DOCUMENTATION_COMMENTS = YES;
				CLANG_WARN_EMPTY_BODY = YES;
				CLANG_WARN_ENUM_CONVERSION = YES;
				CLANG_WARN_INFINITE_RECURSION = YES;
				CLANG_WARN_INT_CONVERSION = YES;
				CLANG_WARN_OBJC_ROOT_CLASS = YES_ERROR;
				CLANG_WARN_SUSPICIOUS_MOVE = YES;
				CLANG_WARN_UNREACHABLE_CODE = YES;
				CLANG_WARN__DUPLICATE_METHOD_MATCH = YES;
				"CODE_SIGN_IDENTITY[sdk=iphoneos*]" = "iPhone Developer";
				COPY_PHASE_STRIP = NO;
				DEBUG_INFORMATION_FORMAT = "dwarf-with-dsym";
				ENABLE_NS_ASSERTIONS = NO;
				ENABLE_STRICT_OBJC_MSGSEND = YES;
				GCC_C_LANGUAGE_STANDARD = gnu99;
				GCC_NO_COMMON_BLOCKS = YES;
				GCC_WARN_64_TO_32_BIT_CONVERSION = YES;
				GCC_WARN_ABOUT_RETURN_TYPE = YES_ERROR;
				GCC_WARN_UNDECLARED_SELECTOR = YES;
				GCC_WARN_UNINITIALIZED_AUTOS = YES_AGGRESSIVE;
				GCC_WARN_UNUSED_FUNCTION = YES;
				GCC_WARN_UNUSED_VARIABLE = YES;
				IPHONEOS_DEPLOYMENT_TARGET = 8.0;
				MTL_ENABLE_DEBUG_INFO = NO;
				SDKROOT = iphoneos;
				TARGETED_DEVICE_FAMILY = "1,2";
				VALIDATE_PRODUCT = YES;
			};
			name = Release;
		};
		C758388B1ED3FF3A00063C49 /* Debug */ = {
			isa = XCBuildConfiguration;
			buildSettings = {
				ASSETCATALOG_COMPILER_APPICON_NAME = AppIcon;
				CLANG_ENABLE_MODULES = YES;
				INFOPLIST_FILE = GitDemo/Info.plist;
				IPHONEOS_DEPLOYMENT_TARGET = 8.0;
				LD_RUNPATH_SEARCH_PATHS = "$(inherited) @executable_path/Frameworks";
				PRODUCT_BUNDLE_IDENTIFIER = com.SmartWebTech.GitDemo;
				PRODUCT_NAME = "$(TARGET_NAME)";
				SWIFT_OBJC_BRIDGING_HEADER = "GitDemo/GitDemo-Bridging-Header.h";
				SWIFT_OPTIMIZATION_LEVEL = "-Onone";
				SWIFT_VERSION = 3.0;
			};
			name = Debug;
		};
		C758388C1ED3FF3A00063C49 /* Release */ = {
			isa = XCBuildConfiguration;
			buildSettings = {
				ASSETCATALOG_COMPILER_APPICON_NAME = AppIcon;
				CLANG_ENABLE_MODULES = YES;
				INFOPLIST_FILE = GitDemo/Info.plist;
				IPHONEOS_DEPLOYMENT_TARGET = 8.0;
				LD_RUNPATH_SEARCH_PATHS = "$(inherited) @executable_path/Frameworks";
				PRODUCT_BUNDLE_IDENTIFIER = com.SmartWebTech.GitDemo;
				PRODUCT_NAME = "$(TARGET_NAME)";
				SWIFT_OBJC_BRIDGING_HEADER = "GitDemo/GitDemo-Bridging-Header.h";
				SWIFT_VERSION = 3.0;
			};
			name = Release;
		};
/* End XCBuildConfiguration section */

/* Begin XCConfigurationList section */
		C758386E1ED3FF3A00063C49 /* Build configuration list for PBXProject "GitDemo" */ = {
			isa = XCConfigurationList;
			buildConfigurations = (
				C75838881ED3FF3A00063C49 /* Debug */,
				C75838891ED3FF3A00063C49 /* Release */,
			);
			defaultConfigurationIsVisible = 0;
			defaultConfigurationName = Release;
		};
		C758388A1ED3FF3A00063C49 /* Build configuration list for PBXNativeTarget "GitDemo" */ = {
			isa = XCConfigurationList;
			buildConfigurations = (
				C758388B1ED3FF3A00063C49 /* Debug */,
				C758388C1ED3FF3A00063C49 /* Release */,
			);
			defaultConfigurationIsVisible = 0;
		};
/* End XCConfigurationList section */
	};
	rootObject = C758386B1ED3FF3A00063C49 /* Project object */;
}
